
Microsoft Visual Studio Solution File, Format Version 12.00
# Visual Studio Version 17
VisualStudioVersion = 17.8.34330.188
MinimumVisualStudioVersion = 10.0.40219.1
Project("{9A19103F-16F7-4668-BE54-9A1E7A4F7556}") = "WebThing", "WebThing\WebThing.csproj", "{9ADFF956-1712-4839-9300-BC2F351DF822}"
EndProject
Project("{9A19103F-16F7-4668-BE54-9A1E7A4F7556}") = "MadLib", "MadLib\MadLib.csproj", "{8684D9D0-A28C-4084-8DCD-B1C58DE19F2D}"
EndProject
Project("{9A19103F-16F7-4668-BE54-9A1E7A4F7556}") = "VideoGameLibrary", "VideoGameLibrary\VideoGameLibrary.csproj", "{67F7D72D-8A11-4660-9E8B-D0EE7D549B1B}"
EndProject
Project("{2150E333-8FDC-42A3-9474-1A3956D46DE8}") = "Assignments", "Assignments", "{2A5158CB-F42D-4316-BDE9-200B7C79349C}"
EndProject
Project("{2150E333-8FDC-42A3-9474-1A3956D46DE8}") = "Lecture", "Lecture", "{805B0BAB-169E-4271-8F79-F9A2990C144D}"
EndProject
Project("{9A19103F-16F7-4668-BE54-9A1E7A4F7556}") = "WebThing2", "WebThing2\WebThing2.csproj", "{9DB180B0-7C55-49F7-80E1-42D8CB9ECA7C}"
EndProject
Global
	GlobalSection(SolutionConfigurationPlatforms) = preSolution
		Debug|Any CPU = Debug|Any CPU
		Release|Any CPU = Release|Any CPU
	EndGlobalSection
	GlobalSection(ProjectConfigurationPlatforms) = postSolution
		{9ADFF956-1712-4839-9300-BC2F351DF822}.Debug|Any CPU.ActiveCfg = Debug|Any CPU
		{9ADFF956-1712-4839-9300-BC2F351DF822}.Debug|Any CPU.Build.0 = Debug|Any CPU
		{9ADFF956-1712-4839-9300-BC2F351DF822}.Release|Any CPU.ActiveCfg = Release|Any CPU
		{9ADFF956-1712-4839-9300-BC2F351DF822}.Release|Any CPU.Build.0 = Release|Any CPU
		{8684D9D0-A28C-4084-8DCD-B1C58DE19F2D}.Debug|Any CPU.ActiveCfg = Debug|Any CPU
		{8684D9D0-A28C-4084-8DCD-B1C58DE19F2D}.Debug|Any CPU.Build.0 = Debug|Any CPU
		{8684D9D0-A28C-4084-8DCD-B1C58DE19F2D}.Release|Any CPU.ActiveCfg = Release|Any CPU
		{8684D9D0-A28C-4084-8DCD-B1C58DE19F2D}.Release|Any CPU.Build.0 = Release|Any CPU
		{67F7D72D-8A11-4660-9E8B-D0EE7D549B1B}.Debug|Any CPU.ActiveCfg = Debug|Any CPU
		{67F7D72D-8A11-4660-9E8B-D0EE7D549B1B}.Debug|Any CPU.Build.0 = Debug|Any CPU
		{67F7D72D-8A11-4660-9E8B-D0EE7D549B1B}.Release|Any CPU.ActiveCfg = Release|Any CPU
		{67F7D72D-8A11-4660-9E8B-D0EE7D549B1B}.Release|Any CPU.Build.0 = Release|Any CPU
		{9DB180B0-7C55-49F7-80E1-42D8CB9ECA7C}.Debug|Any CPU.ActiveCfg = Debug|Any CPU
		{9DB180B0-7C55-49F7-80E1-42D8CB9ECA7C}.Debug|Any CPU.Build.0 = Debug|Any CPU
		{9DB180B0-7C55-49F7-80E1-42D8CB9ECA7C}.Release|Any CPU.ActiveCfg = Release|Any CPU
		{9DB180B0-7C55-49F7-80E1-42D8CB9ECA7C}.Release|Any CPU.Build.0 = Release|Any CPU
	EndGlobalSection
	GlobalSection(SolutionProperties) = preSolution
		HideSolutionNode = FALSE
	EndGlobalSection
	GlobalSection(NestedProjects) = preSolution
		{9ADFF956-1712-4839-9300-BC2F351DF822} = {805B0BAB-169E-4271-8F79-F9A2990C144D}
		{8684D9D0-A28C-4084-8DCD-B1C58DE19F2D} = {2A5158CB-F42D-4316-BDE9-200B7C79349C}
		{67F7D72D-8A11-4660-9E8B-D0EE7D549B1B} = {2A5158CB-F42D-4316-BDE9-200B7C79349C}
		{9DB180B0-7C55-49F7-80E1-42D8CB9ECA7C} = {805B0BAB-169E-4271-8F79-F9A2990C144D}
	EndGlobalSection
	GlobalSection(ExtensibilityGlobals) = postSolution
		SolutionGuid = {BB3242C8-3623-48CE-B19F-61E796BEFFFC}
	EndGlobalSection
EndGlobal
